// !$*UTF8*$!
{
	archiveVersion = 1;
	classes = {
	};
	objectVersion = 50;
	objects = {

/* Begin PBXBuildFile section */
		FA10203A257CF95300864089 /* ControlCommandHandler.swift in Sources */ = {isa = PBXBuildFile; fileRef = FA102039257CF95300864089 /* ControlCommandHandler.swift */; };
		FA42A0EA257B8B3A00F3FE0A /* Sony Remote WatchKit App.app in Embed Watch Content */ = {isa = PBXBuildFile; fileRef = FA42A0E9257B8B3A00F3FE0A /* Sony Remote WatchKit App.app */; settings = {ATTRIBUTES = (RemoveHeadersOnCopy, ); }; };
		FA42A0EF257B8B3B00F3FE0A /* Assets.xcassets in Resources */ = {isa = PBXBuildFile; fileRef = FA42A0EE257B8B3B00F3FE0A /* Assets.xcassets */; };
		FA42A0F6257B8B3B00F3FE0A /* Sony Remote WatchKit Extension.appex in Embed App Extensions */ = {isa = PBXBuildFile; fileRef = FA42A0F5257B8B3B00F3FE0A /* Sony Remote WatchKit Extension.appex */; settings = {ATTRIBUTES = (RemoveHeadersOnCopy, ); }; };
		FA42A0FB257B8B3B00F3FE0A /* Sony_RemoteApp.swift in Sources */ = {isa = PBXBuildFile; fileRef = FA42A0FA257B8B3B00F3FE0A /* Sony_RemoteApp.swift */; };
		FA42A0FD257B8B3B00F3FE0A /* ContentView.swift in Sources */ = {isa = PBXBuildFile; fileRef = FA42A0FC257B8B3B00F3FE0A /* ContentView.swift */; };
		FA42A0FF257B8B3B00F3FE0A /* NotificationController.swift in Sources */ = {isa = PBXBuildFile; fileRef = FA42A0FE257B8B3B00F3FE0A /* NotificationController.swift */; };
		FA42A101257B8B3B00F3FE0A /* NotificationView.swift in Sources */ = {isa = PBXBuildFile; fileRef = FA42A100257B8B3B00F3FE0A /* NotificationView.swift */; };
		FA42A103257B8B3B00F3FE0A /* ComplicationController.swift in Sources */ = {isa = PBXBuildFile; fileRef = FA42A102257B8B3B00F3FE0A /* ComplicationController.swift */; };
		FA42A105257B8B3C00F3FE0A /* Assets.xcassets in Resources */ = {isa = PBXBuildFile; fileRef = FA42A104257B8B3C00F3FE0A /* Assets.xcassets */; };
		FA42A108257B8B3C00F3FE0A /* Preview Assets.xcassets in Resources */ = {isa = PBXBuildFile; fileRef = FA42A107257B8B3C00F3FE0A /* Preview Assets.xcassets */; };
		FA60DFC62590D3D500C51846 /* FloatingButton.swift in Sources */ = {isa = PBXBuildFile; fileRef = FA60DFC52590D3D500C51846 /* FloatingButton.swift */; };
		FA8C86A72584F724006451A6 /* GestureControlView.swift in Sources */ = {isa = PBXBuildFile; fileRef = FA8C86A62584F724006451A6 /* GestureControlView.swift */; };
		FA8C86AC2584F7DC006451A6 /* RequestHandler.swift in Sources */ = {isa = PBXBuildFile; fileRef = FA8C86AB2584F7DC006451A6 /* RequestHandler.swift */; };
		FAF2CAF5258606DF00CF683B /* SegmentedControl.swift in Sources */ = {isa = PBXBuildFile; fileRef = FAF2CAF4258606DF00CF683B /* SegmentedControl.swift */; };
		FAF2CAFA258623D100CF683B /* ContentSwitchView.swift in Sources */ = {isa = PBXBuildFile; fileRef = FAF2CAF9258623D100CF683B /* ContentSwitchView.swift */; };
/* End PBXBuildFile section */

/* Begin PBXContainerItemProxy section */
		FA42A0EB257B8B3A00F3FE0A /* PBXContainerItemProxy */ = {
			isa = PBXContainerItemProxy;
			containerPortal = FA42A0DF257B8B3A00F3FE0A /* Project object */;
			proxyType = 1;
			remoteGlobalIDString = FA42A0E8257B8B3A00F3FE0A;
			remoteInfo = "Sony Remote WatchKit App";
		};
		FA42A0F7257B8B3B00F3FE0A /* PBXContainerItemProxy */ = {
			isa = PBXContainerItemProxy;
			containerPortal = FA42A0DF257B8B3A00F3FE0A /* Project object */;
			proxyType = 1;
			remoteGlobalIDString = FA42A0F4257B8B3B00F3FE0A;
			remoteInfo = "Sony Remote WatchKit Extension";
		};
/* End PBXContainerItemProxy section */

/* Begin PBXCopyFilesBuildPhase section */
		FA42A110257B8B3C00F3FE0A /* Embed App Extensions */ = {
			isa = PBXCopyFilesBuildPhase;
			buildActionMask = 2147483647;
			dstPath = "";
			dstSubfolderSpec = 13;
			files = (
				FA42A0F6257B8B3B00F3FE0A /* Sony Remote WatchKit Extension.appex in Embed App Extensions */,
			);
			name = "Embed App Extensions";
			runOnlyForDeploymentPostprocessing = 0;
		};
		FA42A114257B8B3C00F3FE0A /* Embed Watch Content */ = {
			isa = PBXCopyFilesBuildPhase;
			buildActionMask = 2147483647;
			dstPath = "$(CONTENTS_FOLDER_PATH)/Watch";
			dstSubfolderSpec = 16;
			files = (
				FA42A0EA257B8B3A00F3FE0A /* Sony Remote WatchKit App.app in Embed Watch Content */,
			);
			name = "Embed Watch Content";
			runOnlyForDeploymentPostprocessing = 0;
		};
/* End PBXCopyFilesBuildPhase section */

/* Begin PBXFileReference section */
		FA102028257BADB600864089 /* UIKit.framework */ = {isa = PBXFileReference; lastKnownFileType = wrapper.framework; name = UIKit.framework; path = Platforms/WatchOS.platform/Developer/SDKs/WatchOS7.1.sdk/System/Library/Frameworks/UIKit.framework; sourceTree = DEVELOPER_DIR; };
		FA102039257CF95300864089 /* ControlCommandHandler.swift */ = {isa = PBXFileReference; lastKnownFileType = sourcecode.swift; path = ControlCommandHandler.swift; sourceTree = "<group>"; };
		FA42A0E5257B8B3A00F3FE0A /* Sony Remote.app */ = {isa = PBXFileReference; explicitFileType = wrapper.application; includeInIndex = 0; path = "Sony Remote.app"; sourceTree = BUILT_PRODUCTS_DIR; };
		FA42A0E9257B8B3A00F3FE0A /* Sony Remote WatchKit App.app */ = {isa = PBXFileReference; explicitFileType = wrapper.application; includeInIndex = 0; path = "Sony Remote WatchKit App.app"; sourceTree = BUILT_PRODUCTS_DIR; };
		FA42A0EE257B8B3B00F3FE0A /* Assets.xcassets */ = {isa = PBXFileReference; lastKnownFileType = folder.assetcatalog; path = Assets.xcassets; sourceTree = "<group>"; };
		FA42A0F0257B8B3B00F3FE0A /* Info.plist */ = {isa = PBXFileReference; lastKnownFileType = text.plist.xml; path = Info.plist; sourceTree = "<group>"; };
		FA42A0F5257B8B3B00F3FE0A /* Sony Remote WatchKit Extension.appex */ = {isa = PBXFileReference; explicitFileType = "wrapper.app-extension"; includeInIndex = 0; path = "Sony Remote WatchKit Extension.appex"; sourceTree = BUILT_PRODUCTS_DIR; };
		FA42A0FA257B8B3B00F3FE0A /* Sony_RemoteApp.swift */ = {isa = PBXFileReference; lastKnownFileType = sourcecode.swift; path = Sony_RemoteApp.swift; sourceTree = "<group>"; };
		FA42A0FC257B8B3B00F3FE0A /* ContentView.swift */ = {isa = PBXFileReference; lastKnownFileType = sourcecode.swift; path = ContentView.swift; sourceTree = "<group>"; };
		FA42A0FE257B8B3B00F3FE0A /* NotificationController.swift */ = {isa = PBXFileReference; lastKnownFileType = sourcecode.swift; path = NotificationController.swift; sourceTree = "<group>"; };
		FA42A100257B8B3B00F3FE0A /* NotificationView.swift */ = {isa = PBXFileReference; lastKnownFileType = sourcecode.swift; path = NotificationView.swift; sourceTree = "<group>"; };
		FA42A102257B8B3B00F3FE0A /* ComplicationController.swift */ = {isa = PBXFileReference; lastKnownFileType = sourcecode.swift; path = ComplicationController.swift; sourceTree = "<group>"; };
		FA42A104257B8B3C00F3FE0A /* Assets.xcassets */ = {isa = PBXFileReference; lastKnownFileType = folder.assetcatalog; path = Assets.xcassets; sourceTree = "<group>"; };
		FA42A107257B8B3C00F3FE0A /* Preview Assets.xcassets */ = {isa = PBXFileReference; lastKnownFileType = folder.assetcatalog; path = "Preview Assets.xcassets"; sourceTree = "<group>"; };
		FA42A109257B8B3C00F3FE0A /* Info.plist */ = {isa = PBXFileReference; lastKnownFileType = text.plist.xml; path = Info.plist; sourceTree = "<group>"; };
		FA42A10A257B8B3C00F3FE0A /* PushNotificationPayload.apns */ = {isa = PBXFileReference; lastKnownFileType = text; path = PushNotificationPayload.apns; sourceTree = "<group>"; };
		FA60DFC52590D3D500C51846 /* FloatingButton.swift */ = {isa = PBXFileReference; lastKnownFileType = sourcecode.swift; path = FloatingButton.swift; sourceTree = "<group>"; };
		FA8C86A62584F724006451A6 /* GestureControlView.swift */ = {isa = PBXFileReference; lastKnownFileType = sourcecode.swift; path = GestureControlView.swift; sourceTree = "<group>"; };
		FA8C86AB2584F7DC006451A6 /* RequestHandler.swift */ = {isa = PBXFileReference; lastKnownFileType = sourcecode.swift; path = RequestHandler.swift; sourceTree = "<group>"; };
		FAF2CAF4258606DF00CF683B /* SegmentedControl.swift */ = {isa = PBXFileReference; lastKnownFileType = sourcecode.swift; path = SegmentedControl.swift; sourceTree = "<group>"; };
		FAF2CAF9258623D100CF683B /* ContentSwitchView.swift */ = {isa = PBXFileReference; lastKnownFileType = sourcecode.swift; path = ContentSwitchView.swift; sourceTree = "<group>"; };
/* End PBXFileReference section */

/* Begin PBXFrameworksBuildPhase section */
		FA42A0F2257B8B3B00F3FE0A /* Frameworks */ = {
			isa = PBXFrameworksBuildPhase;
			buildActionMask = 2147483647;
			files = (
			);
			runOnlyForDeploymentPostprocessing = 0;
		};
/* End PBXFrameworksBuildPhase section */

/* Begin PBXGroup section */
		FA102027257BADB600864089 /* Frameworks */ = {
			isa = PBXGroup;
			children = (
				FA102028257BADB600864089 /* UIKit.framework */,
			);
			name = Frameworks;
			sourceTree = "<group>";
		};
		FA42A0DE257B8B3A00F3FE0A = {
			isa = PBXGroup;
			children = (
				FA42A0ED257B8B3A00F3FE0A /* Sony Remote WatchKit App */,
				FA42A0F9257B8B3B00F3FE0A /* Sony Remote WatchKit Extension */,
				FA42A0E6257B8B3A00F3FE0A /* Products */,
				FA102027257BADB600864089 /* Frameworks */,
			);
			sourceTree = "<group>";
		};
		FA42A0E6257B8B3A00F3FE0A /* Products */ = {
			isa = PBXGroup;
			children = (
				FA42A0E5257B8B3A00F3FE0A /* Sony Remote.app */,
				FA42A0E9257B8B3A00F3FE0A /* Sony Remote WatchKit App.app */,
				FA42A0F5257B8B3B00F3FE0A /* Sony Remote WatchKit Extension.appex */,
			);
			name = Products;
			sourceTree = "<group>";
		};
		FA42A0ED257B8B3A00F3FE0A /* Sony Remote WatchKit App */ = {
			isa = PBXGroup;
			children = (
				FA42A0EE257B8B3B00F3FE0A /* Assets.xcassets */,
				FA42A0F0257B8B3B00F3FE0A /* Info.plist */,
			);
			path = "Sony Remote WatchKit App";
			sourceTree = "<group>";
		};
		FA42A0F9257B8B3B00F3FE0A /* Sony Remote WatchKit Extension */ = {
			isa = PBXGroup;
			children = (
				FA42A0FA257B8B3B00F3FE0A /* Sony_RemoteApp.swift */,
				FA42A0FC257B8B3B00F3FE0A /* ContentView.swift */,
				FA42A0FE257B8B3B00F3FE0A /* NotificationController.swift */,
				FA42A100257B8B3B00F3FE0A /* NotificationView.swift */,
				FA42A102257B8B3B00F3FE0A /* ComplicationController.swift */,
				FA42A104257B8B3C00F3FE0A /* Assets.xcassets */,
				FA42A109257B8B3C00F3FE0A /* Info.plist */,
				FA42A10A257B8B3C00F3FE0A /* PushNotificationPayload.apns */,
				FA42A106257B8B3C00F3FE0A /* Preview Content */,
				FA102039257CF95300864089 /* ControlCommandHandler.swift */,
				FA8C86A62584F724006451A6 /* GestureControlView.swift */,
				FA8C86AB2584F7DC006451A6 /* RequestHandler.swift */,
				FAF2CAF4258606DF00CF683B /* SegmentedControl.swift */,
				FAF2CAF9258623D100CF683B /* ContentSwitchView.swift */,
				FA60DFC52590D3D500C51846 /* FloatingButton.swift */,
			);
			path = "Sony Remote WatchKit Extension";
			sourceTree = "<group>";
		};
		FA42A106257B8B3C00F3FE0A /* Preview Content */ = {
			isa = PBXGroup;
			children = (
				FA42A107257B8B3C00F3FE0A /* Preview Assets.xcassets */,
			);
			path = "Preview Content";
			sourceTree = "<group>";
		};
/* End PBXGroup section */

/* Begin PBXNativeTarget section */
		FA42A0E4257B8B3A00F3FE0A /* Sony Remote */ = {
			isa = PBXNativeTarget;
			buildConfigurationList = FA42A115257B8B3C00F3FE0A /* Build configuration list for PBXNativeTarget "Sony Remote" */;
			buildPhases = (
				FA42A0E3257B8B3A00F3FE0A /* Resources */,
				FA42A114257B8B3C00F3FE0A /* Embed Watch Content */,
			);
			buildRules = (
			);
			dependencies = (
				FA42A0EC257B8B3A00F3FE0A /* PBXTargetDependency */,
			);
			name = "Sony Remote";
			productName = "Sony Remote";
			productReference = FA42A0E5257B8B3A00F3FE0A /* Sony Remote.app */;
			productType = "com.apple.product-type.application.watchapp2-container";
		};
		FA42A0E8257B8B3A00F3FE0A /* Sony Remote WatchKit App */ = {
			isa = PBXNativeTarget;
			buildConfigurationList = FA42A111257B8B3C00F3FE0A /* Build configuration list for PBXNativeTarget "Sony Remote WatchKit App" */;
			buildPhases = (
				FA42A0E7257B8B3A00F3FE0A /* Resources */,
				FA42A110257B8B3C00F3FE0A /* Embed App Extensions */,
			);
			buildRules = (
			);
			dependencies = (
				FA42A0F8257B8B3B00F3FE0A /* PBXTargetDependency */,
			);
			name = "Sony Remote WatchKit App";
			productName = "Sony Remote WatchKit App";
			productReference = FA42A0E9257B8B3A00F3FE0A /* Sony Remote WatchKit App.app */;
			productType = "com.apple.product-type.application.watchapp2";
		};
		FA42A0F4257B8B3B00F3FE0A /* Sony Remote WatchKit Extension */ = {
			isa = PBXNativeTarget;
			buildConfigurationList = FA42A10D257B8B3C00F3FE0A /* Build configuration list for PBXNativeTarget "Sony Remote WatchKit Extension" */;
			buildPhases = (
				FA42A0F1257B8B3B00F3FE0A /* Sources */,
				FA42A0F2257B8B3B00F3FE0A /* Frameworks */,
				FA42A0F3257B8B3B00F3FE0A /* Resources */,
			);
			buildRules = (
			);
			dependencies = (
			);
			name = "Sony Remote WatchKit Extension";
			productName = "Sony Remote WatchKit Extension";
			productReference = FA42A0F5257B8B3B00F3FE0A /* Sony Remote WatchKit Extension.appex */;
			productType = "com.apple.product-type.watchkit2-extension";
		};
/* End PBXNativeTarget section */

/* Begin PBXProject section */
		FA42A0DF257B8B3A00F3FE0A /* Project object */ = {
			isa = PBXProject;
			attributes = {
				LastSwiftUpdateCheck = 1220;
				LastUpgradeCheck = 1220;
				TargetAttributes = {
					FA42A0E4257B8B3A00F3FE0A = {
						CreatedOnToolsVersion = 12.2;
					};
					FA42A0E8257B8B3A00F3FE0A = {
						CreatedOnToolsVersion = 12.2;
					};
					FA42A0F4257B8B3B00F3FE0A = {
						CreatedOnToolsVersion = 12.2;
					};
				};
			};
			buildConfigurationList = FA42A0E2257B8B3A00F3FE0A /* Build configuration list for PBXProject "Sony Remote" */;
			compatibilityVersion = "Xcode 9.3";
			developmentRegion = en;
			hasScannedForEncodings = 0;
			knownRegions = (
				en,
				Base,
			);
			mainGroup = FA42A0DE257B8B3A00F3FE0A;
			productRefGroup = FA42A0E6257B8B3A00F3FE0A /* Products */;
			projectDirPath = "";
			projectRoot = "";
			targets = (
				FA42A0E4257B8B3A00F3FE0A /* Sony Remote */,
				FA42A0E8257B8B3A00F3FE0A /* Sony Remote WatchKit App */,
				FA42A0F4257B8B3B00F3FE0A /* Sony Remote WatchKit Extension */,
			);
		};
/* End PBXProject section */

/* Begin PBXResourcesBuildPhase section */
		FA42A0E3257B8B3A00F3FE0A /* Resources */ = {
			isa = PBXResourcesBuildPhase;
			buildActionMask = 2147483647;
			files = (
			);
			runOnlyForDeploymentPostprocessing = 0;
		};
		FA42A0E7257B8B3A00F3FE0A /* Resources */ = {
			isa = PBXResourcesBuildPhase;
			buildActionMask = 2147483647;
			files = (
				FA42A0EF257B8B3B00F3FE0A /* Assets.xcassets in Resources */,
			);
			runOnlyForDeploymentPostprocessing = 0;
		};
		FA42A0F3257B8B3B00F3FE0A /* Resources */ = {
			isa = PBXResourcesBuildPhase;
			buildActionMask = 2147483647;
			files = (
				FA42A108257B8B3C00F3FE0A /* Preview Assets.xcassets in Resources */,
				FA42A105257B8B3C00F3FE0A /* Assets.xcassets in Resources */,
			);
			runOnlyForDeploymentPostprocessing = 0;
		};
/* End PBXResourcesBuildPhase section */

/* Begin PBXSourcesBuildPhase section */
		FA42A0F1257B8B3B00F3FE0A /* Sources */ = {
			isa = PBXSourcesBuildPhase;
			buildActionMask = 2147483647;
			files = (
				FA42A0FF257B8B3B00F3FE0A /* NotificationController.swift in Sources */,
				FAF2CAF5258606DF00CF683B /* SegmentedControl.swift in Sources */,
				FA42A0FD257B8B3B00F3FE0A /* ContentView.swift in Sources */,
				FA42A103257B8B3B00F3FE0A /* ComplicationController.swift in Sources */,
				FAF2CAFA258623D100CF683B /* ContentSwitchView.swift in Sources */,
				FA10203A257CF95300864089 /* ControlCommandHandler.swift in Sources */,
				FA8C86AC2584F7DC006451A6 /* RequestHandler.swift in Sources */,
				FA42A0FB257B8B3B00F3FE0A /* Sony_RemoteApp.swift in Sources */,
				FA8C86A72584F724006451A6 /* GestureControlView.swift in Sources */,
				FA42A101257B8B3B00F3FE0A /* NotificationView.swift in Sources */,
				FA60DFC62590D3D500C51846 /* FloatingButton.swift in Sources */,
			);
			runOnlyForDeploymentPostprocessing = 0;
		};
/* End PBXSourcesBuildPhase section */

/* Begin PBXTargetDependency section */
		FA42A0EC257B8B3A00F3FE0A /* PBXTargetDependency */ = {
			isa = PBXTargetDependency;
			target = FA42A0E8257B8B3A00F3FE0A /* Sony Remote WatchKit App */;
			targetProxy = FA42A0EB257B8B3A00F3FE0A /* PBXContainerItemProxy */;
		};
		FA42A0F8257B8B3B00F3FE0A /* PBXTargetDependency */ = {
			isa = PBXTargetDependency;
			target = FA42A0F4257B8B3B00F3FE0A /* Sony Remote WatchKit Extension */;
			targetProxy = FA42A0F7257B8B3B00F3FE0A /* PBXContainerItemProxy */;
		};
/* End PBXTargetDependency section */

/* Begin XCBuildConfiguration section */
		FA42A10B257B8B3C00F3FE0A /* Debug */ = {
			isa = XCBuildConfiguration;
			buildSettings = {
				ALWAYS_SEARCH_USER_PATHS = NO;
				CLANG_ANALYZER_NONNULL = YES;
				CLANG_ANALYZER_NUMBER_OBJECT_CONVERSION = YES_AGGRESSIVE;
				CLANG_CXX_LANGUAGE_STANDARD = "gnu++14";
				CLANG_CXX_LIBRARY = "libc++";
				CLANG_ENABLE_MODULES = YES;
				CLANG_ENABLE_OBJC_ARC = YES;
				CLANG_ENABLE_OBJC_WEAK = YES;
				CLANG_WARN_BLOCK_CAPTURE_AUTORELEASING = YES;
				CLANG_WARN_BOOL_CONVERSION = YES;
				CLANG_WARN_COMMA = YES;
				CLANG_WARN_CONSTANT_CONVERSION = YES;
				CLANG_WARN_DEPRECATED_OBJC_IMPLEMENTATIONS = YES;
				CLANG_WARN_DIRECT_OBJC_ISA_USAGE = YES_ERROR;
				CLANG_WARN_DOCUMENTATION_COMMENTS = YES;
				CLANG_WARN_EMPTY_BODY = YES;
				CLANG_WARN_ENUM_CONVERSION = YES;
				CLANG_WARN_INFINITE_RECURSION = YES;
				CLANG_WARN_INT_CONVERSION = YES;
				CLANG_WARN_NON_LITERAL_NULL_CONVERSION = YES;
				CLANG_WARN_OBJC_IMPLICIT_RETAIN_SELF = YES;
				CLANG_WARN_OBJC_LITERAL_CONVERSION = YES;
				CLANG_WARN_OBJC_ROOT_CLASS = YES_ERROR;
				CLANG_WARN_QUOTED_INCLUDE_IN_FRAMEWORK_HEADER = YES;
				CLANG_WARN_RANGE_LOOP_ANALYSIS = YES;
				CLANG_WARN_STRICT_PROTOTYPES = YES;
				CLANG_WARN_SUSPICIOUS_MOVE = YES;
				CLANG_WARN_UNGUARDED_AVAILABILITY = YES_AGGRESSIVE;
				CLANG_WARN_UNREACHABLE_CODE = YES;
				CLANG_WARN__DUPLICATE_METHOD_MATCH = YES;
				COPY_PHASE_STRIP = NO;
				DEBUG_INFORMATION_FORMAT = dwarf;
				ENABLE_STRICT_OBJC_MSGSEND = YES;
				ENABLE_TESTABILITY = YES;
				GCC_C_LANGUAGE_STANDARD = gnu11;
				GCC_DYNAMIC_NO_PIC = NO;
				GCC_NO_COMMON_BLOCKS = YES;
				GCC_OPTIMIZATION_LEVEL = 0;
				GCC_PREPROCESSOR_DEFINITIONS = (
					"DEBUG=1",
					"$(inherited)",
				);
				GCC_WARN_64_TO_32_BIT_CONVERSION = YES;
				GCC_WARN_ABOUT_RETURN_TYPE = YES_ERROR;
				GCC_WARN_UNDECLARED_SELECTOR = YES;
				GCC_WARN_UNINITIALIZED_AUTOS = YES_AGGRESSIVE;
				GCC_WARN_UNUSED_FUNCTION = YES;
				GCC_WARN_UNUSED_VARIABLE = YES;
				MTL_ENABLE_DEBUG_INFO = INCLUDE_SOURCE;
				MTL_FAST_MATH = YES;
				ONLY_ACTIVE_ARCH = YES;
				SDKROOT = iphoneos;
				SWIFT_ACTIVE_COMPILATION_CONDITIONS = DEBUG;
				SWIFT_OPTIMIZATION_LEVEL = "-Onone";
			};
			name = Debug;
		};
		FA42A10C257B8B3C00F3FE0A /* Release */ = {
			isa = XCBuildConfiguration;
			buildSettings = {
				ALWAYS_SEARCH_USER_PATHS = NO;
				CLANG_ANALYZER_NONNULL = YES;
				CLANG_ANALYZER_NUMBER_OBJECT_CONVERSION = YES_AGGRESSIVE;
				CLANG_CXX_LANGUAGE_STANDARD = "gnu++14";
				CLANG_CXX_LIBRARY = "libc++";
				CLANG_ENABLE_MODULES = YES;
				CLANG_ENABLE_OBJC_ARC = YES;
				CLANG_ENABLE_OBJC_WEAK = YES;
				CLANG_WARN_BLOCK_CAPTURE_AUTORELEASING = YES;
				CLANG_WARN_BOOL_CONVERSION = YES;
				CLANG_WARN_COMMA = YES;
				CLANG_WARN_CONSTANT_CONVERSION = YES;
				CLANG_WARN_DEPRECATED_OBJC_IMPLEMENTATIONS = YES;
				CLANG_WARN_DIRECT_OBJC_ISA_USAGE = YES_ERROR;
				CLANG_WARN_DOCUMENTATION_COMMENTS = YES;
				CLANG_WARN_EMPTY_BODY = YES;
				CLANG_WARN_ENUM_CONVERSION = YES;
				CLANG_WARN_INFINITE_RECURSION = YES;
				CLANG_WARN_INT_CONVERSION = YES;
				CLANG_WARN_NON_LITERAL_NULL_CONVERSION = YES;
				CLANG_WARN_OBJC_IMPLICIT_RETAIN_SELF = YES;
				CLANG_WARN_OBJC_LITERAL_CONVERSION = YES;
				CLANG_WARN_OBJC_ROOT_CLASS = YES_ERROR;
				CLANG_WARN_QUOTED_INCLUDE_IN_FRAMEWORK_HEADER = YES;
				CLANG_WARN_RANGE_LOOP_ANALYSIS = YES;
				CLANG_WARN_STRICT_PROTOTYPES = YES;
				CLANG_WARN_SUSPICIOUS_MOVE = YES;
				CLANG_WARN_UNGUARDED_AVAILABILITY = YES_AGGRESSIVE;
				CLANG_WARN_UNREACHABLE_CODE = YES;
				CLANG_WARN__DUPLICATE_METHOD_MATCH = YES;
				COPY_PHASE_STRIP = NO;
				DEBUG_INFORMATION_FORMAT = "dwarf-with-dsym";
				ENABLE_NS_ASSERTIONS = NO;
				ENABLE_STRICT_OBJC_MSGSEND = YES;
				GCC_C_LANGUAGE_STANDARD = gnu11;
				GCC_NO_COMMON_BLOCKS = YES;
				GCC_WARN_64_TO_32_BIT_CONVERSION = YES;
				GCC_WARN_ABOUT_RETURN_TYPE = YES_ERROR;
				GCC_WARN_UNDECLARED_SELECTOR = YES;
				GCC_WARN_UNINITIALIZED_AUTOS = YES_AGGRESSIVE;
				GCC_WARN_UNUSED_FUNCTION = YES;
				GCC_WARN_UNUSED_VARIABLE = YES;
				MTL_ENABLE_DEBUG_INFO = NO;
				MTL_FAST_MATH = YES;
				SDKROOT = iphoneos;
				SWIFT_COMPILATION_MODE = wholemodule;
				SWIFT_OPTIMIZATION_LEVEL = "-O";
				VALIDATE_PRODUCT = YES;
			};
			name = Release;
		};
		FA42A10E257B8B3C00F3FE0A /* Debug */ = {
			isa = XCBuildConfiguration;
			buildSettings = {
				ASSETCATALOG_COMPILER_COMPLICATION_NAME = Complication;
				CODE_SIGN_STYLE = Automatic;
				DEVELOPMENT_ASSET_PATHS = "\"Sony Remote WatchKit Extension/Preview Content\"";
				DEVELOPMENT_TEAM = DE5L5D2U55;
				ENABLE_PREVIEWS = YES;
				INFOPLIST_FILE = "Sony Remote WatchKit Extension/Info.plist";
				LD_RUNPATH_SEARCH_PATHS = (
					"$(inherited)",
					"@executable_path/Frameworks",
					"@executable_path/../../Frameworks",
				);
				PRODUCT_BUNDLE_IDENTIFIER = "com.mg.tv.remote.Sony-Remote.watchkitapp.watchkitextension";
				PRODUCT_NAME = "${TARGET_NAME}";
				SDKROOT = watchos;
				SKIP_INSTALL = YES;
				SWIFT_VERSION = 5.0;
				TARGETED_DEVICE_FAMILY = 4;
				WATCHOS_DEPLOYMENT_TARGET = 7.1;
			};
			name = Debug;
		};
		FA42A10F257B8B3C00F3FE0A /* Release */ = {
			isa = XCBuildConfiguration;
			buildSettings = {
				ASSETCATALOG_COMPILER_COMPLICATION_NAME = Complication;
				CODE_SIGN_STYLE = Automatic;
				DEVELOPMENT_ASSET_PATHS = "\"Sony Remote WatchKit Extension/Preview Content\"";
				DEVELOPMENT_TEAM = DE5L5D2U55;
				ENABLE_PREVIEWS = YES;
				INFOPLIST_FILE = "Sony Remote WatchKit Extension/Info.plist";
				LD_RUNPATH_SEARCH_PATHS = (
					"$(inherited)",
					"@executable_path/Frameworks",
					"@executable_path/../../Frameworks",
				);
				PRODUCT_BUNDLE_IDENTIFIER = "com.mg.tv.remote.Sony-Remote.watchkitapp.watchkitextension";
				PRODUCT_NAME = "${TARGET_NAME}";
				SDKROOT = watchos;
				SKIP_INSTALL = YES;
				SWIFT_VERSION = 5.0;
				TARGETED_DEVICE_FAMILY = 4;
				WATCHOS_DEPLOYMENT_TARGET = 7.1;
			};
			name = Release;
		};
		FA42A112257B8B3C00F3FE0A /* Debug */ = {
			isa = XCBuildConfiguration;
			buildSettings = {
				ALWAYS_EMBED_SWIFT_STANDARD_LIBRARIES = YES;
				ASSETCATALOG_COMPILER_APPICON_NAME = AppIcon;
				ASSETCATALOG_COMPILER_GLOBAL_ACCENT_COLOR_NAME = AccentColor;
				CODE_SIGN_STYLE = Automatic;
				DEVELOPMENT_TEAM = DE5L5D2U55;
				IBSC_MODULE = Sony_Remote_WatchKit_Extension;
				INFOPLIST_FILE = "Sony Remote WatchKit App/Info.plist";
				PRODUCT_BUNDLE_IDENTIFIER = "com.mg.tv.remote.Sony-Remote.watchkitapp";
				PRODUCT_NAME = "$(TARGET_NAME)";
				SDKROOT = watchos;
				SKIP_INSTALL = YES;
				SWIFT_VERSION = 5.0;
				TARGETED_DEVICE_FAMILY = 4;
				WATCHOS_DEPLOYMENT_TARGET = 7.1;
			};
			name = Debug;
		};
		FA42A113257B8B3C00F3FE0A /* Release */ = {
			isa = XCBuildConfiguration;
			buildSettings = {
				ALWAYS_EMBED_SWIFT_STANDARD_LIBRARIES = YES;
				ASSETCATALOG_COMPILER_APPICON_NAME = AppIcon;
				ASSETCATALOG_COMPILER_GLOBAL_ACCENT_COLOR_NAME = AccentColor;
				CODE_SIGN_STYLE = Automatic;
				DEVELOPMENT_TEAM = DE5L5D2U55;
				IBSC_MODULE = Sony_Remote_WatchKit_Extension;
				INFOPLIST_FILE = "Sony Remote WatchKit App/Info.plist";
				PRODUCT_BUNDLE_IDENTIFIER = "com.mg.tv.remote.Sony-Remote.watchkitapp";
				PRODUCT_NAME = "$(TARGET_NAME)";
				SDKROOT = watchos;
				SKIP_INSTALL = YES;
				SWIFT_VERSION = 5.0;
				TARGETED_DEVICE_FAMILY = 4;
				WATCHOS_DEPLOYMENT_TARGET = 7.1;
			};
			name = Release;
		};
		FA42A116257B8B3C00F3FE0A /* Debug */ = {
			isa = XCBuildConfiguration;
			buildSettings = {
				CODE_SIGN_STYLE = Automatic;
				CURRENT_PROJECT_VERSION = 1;
				DEVELOPMENT_TEAM = DE5L5D2U55;
				MARKETING_VERSION = 1.0;
				PRODUCT_BUNDLE_IDENTIFIER = "com.mg.tv.remote.Sony-Remote";
				PRODUCT_NAME = "$(TARGET_NAME)";
				SWIFT_VERSION = 5.0;
			};
			name = Debug;
		};
		FA42A117257B8B3C00F3FE0A /* Release */ = {
			isa = XCBuildConfiguration;
			buildSettings = {
				CODE_SIGN_STYLE = Automatic;
				CURRENT_PROJECT_VERSION = 1;
				DEVELOPMENT_TEAM = DE5L5D2U55;
				MARKETING_VERSION = 1.0;
				PRODUCT_BUNDLE_IDENTIFIER = "com.mg.tv.remote.Sony-Remote";
				PRODUCT_NAME = "$(TARGET_NAME)";
				SWIFT_VERSION = 5.0;
			};
			name = Release;
		};
/* End XCBuildConfiguration section */

/* Begin XCConfigurationList section */
		FA42A0E2257B8B3A00F3FE0A /* Build configuration list for PBXProject "Sony Remote" */ = {
			isa = XCConfigurationList;
			buildConfigurations = (
				FA42A10B257B8B3C00F3FE0A /* Debug */,
				FA42A10C257B8B3C00F3FE0A /* Release */,
			);
			defaultConfigurationIsVisible = 0;
			defaultConfigurationName = Release;
		};
		FA42A10D257B8B3C00F3FE0A /* Build configuration list for PBXNativeTarget "Sony Remote WatchKit Extension" */ = {
			isa = XCConfigurationList;
			buildConfigurations = (
				FA42A10E257B8B3C00F3FE0A /* Debug */,
				FA42A10F257B8B3C00F3FE0A /* Release */,
			);
			defaultConfigurationIsVisible = 0;
			defaultConfigurationName = Release;
		};
		FA42A111257B8B3C00F3FE0A /* Build configuration list for PBXNativeTarget "Sony Remote WatchKit App" */ = {
			isa = XCConfigurationList;
			buildConfigurations = (
				FA42A112257B8B3C00F3FE0A /* Debug */,
				FA42A113257B8B3C00F3FE0A /* Release */,
			);
			defaultConfigurationIsVisible = 0;
			defaultConfigurationName = Release;
		};
		FA42A115257B8B3C00F3FE0A /* Build configuration list for PBXNativeTarget "Sony Remote" */ = {
			isa = XCConfigurationList;
			buildConfigurations = (
				FA42A116257B8B3C00F3FE0A /* Debug */,
				FA42A117257B8B3C00F3FE0A /* Release */,
			);
			defaultConfigurationIsVisible = 0;
			defaultConfigurationName = Release;
		};
/* End XCConfigurationList section */
	};
	rootObject = FA42A0DF257B8B3A00F3FE0A /* Project object */;
}
